
Microsoft Visual Studio Solution File, Format Version 12.00
# Visual Studio Version 17
VisualStudioVersion = 17.6.33712.159
MinimumVisualStudioVersion = 10.0.40219.1
Project("{9A19103F-16F7-4668-BE54-9A1E7A4F7556}") = "EShop.ApiGetway", "EShop.ApiGetway\EShop.ApiGetway.csproj", "{B7022996-5466-4F11-873C-2E1F40495330}"
EndProject
Project("{FAE04EC0-301F-11D3-BF4B-00C04F79EFBC}") = "EShop.User.Api", "EShop.User.Api\EShop.User.Api.csproj", "{7B939360-34BD-4F07-BA6C-F487DB348DCC}"
EndProject
Project("{FAE04EC0-301F-11D3-BF4B-00C04F79EFBC}") = "EShop.Product.Api", "EShop.Product.Api\EShop.Product.Api.csproj", "{B7D7F2E0-55A2-4F9F-B08C-0F851B893DC1}"
EndProject
Project("{FAE04EC0-301F-11D3-BF4B-00C04F79EFBC}") = "EShop.Order.Api", "EShop.Order.Api\EShop.Order.Api.csproj", "{C8FAD62A-6F6A-4FE1-A29F-0D9635110101}"
EndProject
Project("{FAE04EC0-301F-11D3-BF4B-00C04F79EFBC}") = "EShop.Infrastructure", "EShop.Infrastructure\EShop.Infrastructure.csproj", "{FC36F559-BE77-489A-BAB5-89EEE14C332D}"
EndProject
Global
	GlobalSection(SolutionConfigurationPlatforms) = preSolution
		Debug|Any CPU = Debug|Any CPU
		Release|Any CPU = Release|Any CPU
	EndGlobalSection
	GlobalSection(ProjectConfigurationPlatforms) = postSolution
		{B7022996-5466-4F11-873C-2E1F40495330}.Debug|Any CPU.ActiveCfg = Debug|Any CPU
		{B7022996-5466-4F11-873C-2E1F40495330}.Debug|Any CPU.Build.0 = Debug|Any CPU
		{B7022996-5466-4F11-873C-2E1F40495330}.Release|Any CPU.ActiveCfg = Release|Any CPU
		{B7022996-5466-4F11-873C-2E1F40495330}.Release|Any CPU.Build.0 = Release|Any CPU
		{7B939360-34BD-4F07-BA6C-F487DB348DCC}.Debug|Any CPU.ActiveCfg = Debug|Any CPU
		{7B939360-34BD-4F07-BA6C-F487DB348DCC}.Debug|Any CPU.Build.0 = Debug|Any CPU
		{7B939360-34BD-4F07-BA6C-F487DB348DCC}.Release|Any CPU.ActiveCfg = Release|Any CPU
		{7B939360-34BD-4F07-BA6C-F487DB348DCC}.Release|Any CPU.Build.0 = Release|Any CPU
		{B7D7F2E0-55A2-4F9F-B08C-0F851B893DC1}.Debug|Any CPU.ActiveCfg = Debug|Any CPU
		{B7D7F2E0-55A2-4F9F-B08C-0F851B893DC1}.Debug|Any CPU.Build.0 = Debug|Any CPU
		{B7D7F2E0-55A2-4F9F-B08C-0F851B893DC1}.Release|Any CPU.ActiveCfg = Release|Any CPU
		{B7D7F2E0-55A2-4F9F-B08C-0F851B893DC1}.Release|Any CPU.Build.0 = Release|Any CPU
		{C8FAD62A-6F6A-4FE1-A29F-0D9635110101}.Debug|Any CPU.ActiveCfg = Debug|Any CPU
		{C8FAD62A-6F6A-4FE1-A29F-0D9635110101}.Debug|Any CPU.Build.0 = Debug|Any CPU
		{C8FAD62A-6F6A-4FE1-A29F-0D9635110101}.Release|Any CPU.ActiveCfg = Release|Any CPU
		{C8FAD62A-6F6A-4FE1-A29F-0D9635110101}.Release|Any CPU.Build.0 = Release|Any CPU
		{FC36F559-BE77-489A-BAB5-89EEE14C332D}.Debug|Any CPU.ActiveCfg = Debug|Any CPU
		{FC36F559-BE77-489A-BAB5-89EEE14C332D}.Debug|Any CPU.Build.0 = Debug|Any CPU
		{FC36F559-BE77-489A-BAB5-89EEE14C332D}.Release|Any CPU.ActiveCfg = Release|Any CPU
		{FC36F559-BE77-489A-BAB5-89EEE14C332D}.Release|Any CPU.Build.0 = Release|Any CPU
	EndGlobalSection
	GlobalSection(SolutionProperties) = preSolution
		HideSolutionNode = FALSE
	EndGlobalSection
	GlobalSection(ExtensibilityGlobals) = postSolution
		SolutionGuid = {2C56F85E-FB66-478B-8CCE-27524B3C54EE}
	EndGlobalSection
EndGlobal
