
Microsoft Visual Studio Solution File, Format Version 12.00
# Visual Studio Version 17
VisualStudioVersion = 17.2.32526.322
MinimumVisualStudioVersion = 10.0.40219.1
Project("{FAE04EC0-301F-11D3-BF4B-00C04F79EFBC}") = "eTickets", "eTickets\eTickets.csproj", "{EB1BC923-0001-458B-9CE6-605736D8ACE9}"
EndProject
Global
	GlobalSection(SolutionConfigurationPlatforms) = preSolution
		Debug|Any CPU = Debug|Any CPU
		Release|Any CPU = Release|Any CPU
	EndGlobalSection
	GlobalSection(ProjectConfigurationPlatforms) = postSolution
		{EB1BC923-0001-458B-9CE6-605736D8ACE9}.Debug|Any CPU.ActiveCfg = Debug|Any CPU
		{EB1BC923-0001-458B-9CE6-605736D8ACE9}.Debug|Any CPU.Build.0 = Debug|Any CPU
		{EB1BC923-0001-458B-9CE6-605736D8ACE9}.Release|Any CPU.ActiveCfg = Release|Any CPU
		{EB1BC923-0001-458B-9CE6-605736D8ACE9}.Release|Any CPU.Build.0 = Release|Any CPU
	EndGlobalSection
	GlobalSection(SolutionProperties) = preSolution
		HideSolutionNode = FALSE
	EndGlobalSection
	GlobalSection(ExtensibilityGlobals) = postSolution
		SolutionGuid = {8ACE1E76-3819-4523-8933-78C4C96BD7B2}
	EndGlobalSection
EndGlobal
